// !$*UTF8*$!
{
	archiveVersion = 1;
	classes = {
	};
	objectVersion = 56;
	objects = {

/* Begin PBXBuildFile section */
		0DDD40BB817AA849336C5320 /* Pods_github_action_demo.framework in Frameworks */ = {isa = PBXBuildFile; fileRef = 643C99DCA720771F8AB214CA /* Pods_github_action_demo.framework */; };
		124F3D7C73D51087483570CD /* Pods_github_action_demoTests.framework in Frameworks */ = {isa = PBXBuildFile; fileRef = 91F4F759E0928555CE279E99 /* Pods_github_action_demoTests.framework */; };
		354C648DBD9EE71CAB10EEC8 /* Pods_github_action_demo_github_action_demoUITests.framework in Frameworks */ = {isa = PBXBuildFile; fileRef = 3A31EE948458E6A47DF5EFCE /* Pods_github_action_demo_github_action_demoUITests.framework */; };
		5CEAC1922A28E22600E3A2DA /* AppDelegate.swift in Sources */ = {isa = PBXBuildFile; fileRef = 5CEAC1912A28E22600E3A2DA /* AppDelegate.swift */; };
		5CEAC1942A28E22600E3A2DA /* SceneDelegate.swift in Sources */ = {isa = PBXBuildFile; fileRef = 5CEAC1932A28E22600E3A2DA /* SceneDelegate.swift */; };
		5CEAC1962A28E22600E3A2DA /* ViewController.swift in Sources */ = {isa = PBXBuildFile; fileRef = 5CEAC1952A28E22600E3A2DA /* ViewController.swift */; };
		5CEAC1992A28E22600E3A2DA /* Main.storyboard in Resources */ = {isa = PBXBuildFile; fileRef = 5CEAC1972A28E22600E3A2DA /* Main.storyboard */; };
		5CEAC19B2A28E22700E3A2DA /* Assets.xcassets in Resources */ = {isa = PBXBuildFile; fileRef = 5CEAC19A2A28E22700E3A2DA /* Assets.xcassets */; };
		5CEAC19E2A28E22700E3A2DA /* LaunchScreen.storyboard in Resources */ = {isa = PBXBuildFile; fileRef = 5CEAC19C2A28E22700E3A2DA /* LaunchScreen.storyboard */; };
		5CEAC1A92A28E22700E3A2DA /* github_action_demoTests.swift in Sources */ = {isa = PBXBuildFile; fileRef = 5CEAC1A82A28E22700E3A2DA /* github_action_demoTests.swift */; };
		5CEAC1B32A28E22700E3A2DA /* github_action_demoUITests.swift in Sources */ = {isa = PBXBuildFile; fileRef = 5CEAC1B22A28E22700E3A2DA /* github_action_demoUITests.swift */; };
		5CEAC1B52A28E22700E3A2DA /* github_action_demoUITestsLaunchTests.swift in Sources */ = {isa = PBXBuildFile; fileRef = 5CEAC1B42A28E22700E3A2DA /* github_action_demoUITestsLaunchTests.swift */; };
		5CEAC1C22A28E23B00E3A2DA /* HomeViewModel.swift in Sources */ = {isa = PBXBuildFile; fileRef = 5CEAC1C12A28E23B00E3A2DA /* HomeViewModel.swift */; };
/* End PBXBuildFile section */

/* Begin PBXContainerItemProxy section */
		5CEAC1A52A28E22700E3A2DA /* PBXContainerItemProxy */ = {
			isa = PBXContainerItemProxy;
			containerPortal = 5CEAC1862A28E22600E3A2DA /* Project object */;
			proxyType = 1;
			remoteGlobalIDString = 5CEAC18D2A28E22600E3A2DA;
			remoteInfo = github_action_demo;
		};
		5CEAC1AF2A28E22700E3A2DA /* PBXContainerItemProxy */ = {
			isa = PBXContainerItemProxy;
			containerPortal = 5CEAC1862A28E22600E3A2DA /* Project object */;
			proxyType = 1;
			remoteGlobalIDString = 5CEAC18D2A28E22600E3A2DA;
			remoteInfo = github_action_demo;
		};
/* End PBXContainerItemProxy section */

/* Begin PBXFileReference section */
		2CBBF9D4234D973DDE65FEAA /* Pods-github_action_demo.debug.xcconfig */ = {isa = PBXFileReference; includeInIndex = 1; lastKnownFileType = text.xcconfig; name = "Pods-github_action_demo.debug.xcconfig"; path = "Target Support Files/Pods-github_action_demo/Pods-github_action_demo.debug.xcconfig"; sourceTree = "<group>"; };
		3A31EE948458E6A47DF5EFCE /* Pods_github_action_demo_github_action_demoUITests.framework */ = {isa = PBXFileReference; explicitFileType = wrapper.framework; includeInIndex = 0; path = Pods_github_action_demo_github_action_demoUITests.framework; sourceTree = BUILT_PRODUCTS_DIR; };
		5CEAC18E2A28E22600E3A2DA /* github_action_demo.app */ = {isa = PBXFileReference; explicitFileType = wrapper.application; includeInIndex = 0; path = github_action_demo.app; sourceTree = BUILT_PRODUCTS_DIR; };
		5CEAC1912A28E22600E3A2DA /* AppDelegate.swift */ = {isa = PBXFileReference; lastKnownFileType = sourcecode.swift; path = AppDelegate.swift; sourceTree = "<group>"; };
		5CEAC1932A28E22600E3A2DA /* SceneDelegate.swift */ = {isa = PBXFileReference; lastKnownFileType = sourcecode.swift; path = SceneDelegate.swift; sourceTree = "<group>"; };
		5CEAC1952A28E22600E3A2DA /* ViewController.swift */ = {isa = PBXFileReference; lastKnownFileType = sourcecode.swift; path = ViewController.swift; sourceTree = "<group>"; };
		5CEAC1982A28E22600E3A2DA /* Base */ = {isa = PBXFileReference; lastKnownFileType = file.storyboard; name = Base; path = Base.lproj/Main.storyboard; sourceTree = "<group>"; };
		5CEAC19A2A28E22700E3A2DA /* Assets.xcassets */ = {isa = PBXFileReference; lastKnownFileType = folder.assetcatalog; path = Assets.xcassets; sourceTree = "<group>"; };
		5CEAC19D2A28E22700E3A2DA /* Base */ = {isa = PBXFileReference; lastKnownFileType = file.storyboard; name = Base; path = Base.lproj/LaunchScreen.storyboard; sourceTree = "<group>"; };
		5CEAC19F2A28E22700E3A2DA /* Info.plist */ = {isa = PBXFileReference; lastKnownFileType = text.plist.xml; path = Info.plist; sourceTree = "<group>"; };
		5CEAC1A42A28E22700E3A2DA /* github_action_demoTests.xctest */ = {isa = PBXFileReference; explicitFileType = wrapper.cfbundle; includeInIndex = 0; path = github_action_demoTests.xctest; sourceTree = BUILT_PRODUCTS_DIR; };
		5CEAC1A82A28E22700E3A2DA /* github_action_demoTests.swift */ = {isa = PBXFileReference; lastKnownFileType = sourcecode.swift; path = github_action_demoTests.swift; sourceTree = "<group>"; };
		5CEAC1AE2A28E22700E3A2DA /* github_action_demoUITests.xctest */ = {isa = PBXFileReference; explicitFileType = wrapper.cfbundle; includeInIndex = 0; path = github_action_demoUITests.xctest; sourceTree = BUILT_PRODUCTS_DIR; };
		5CEAC1B22A28E22700E3A2DA /* github_action_demoUITests.swift */ = {isa = PBXFileReference; lastKnownFileType = sourcecode.swift; path = github_action_demoUITests.swift; sourceTree = "<group>"; };
		5CEAC1B42A28E22700E3A2DA /* github_action_demoUITestsLaunchTests.swift */ = {isa = PBXFileReference; lastKnownFileType = sourcecode.swift; path = github_action_demoUITestsLaunchTests.swift; sourceTree = "<group>"; };
		5CEAC1C12A28E23B00E3A2DA /* HomeViewModel.swift */ = {isa = PBXFileReference; lastKnownFileType = sourcecode.swift; path = HomeViewModel.swift; sourceTree = "<group>"; };
		643C99DCA720771F8AB214CA /* Pods_github_action_demo.framework */ = {isa = PBXFileReference; explicitFileType = wrapper.framework; includeInIndex = 0; path = Pods_github_action_demo.framework; sourceTree = BUILT_PRODUCTS_DIR; };
		67024CE2DB2C631AE13CAE91 /* Pods-github_action_demoTests.release.xcconfig */ = {isa = PBXFileReference; includeInIndex = 1; lastKnownFileType = text.xcconfig; name = "Pods-github_action_demoTests.release.xcconfig"; path = "Target Support Files/Pods-github_action_demoTests/Pods-github_action_demoTests.release.xcconfig"; sourceTree = "<group>"; };
		91F4F759E0928555CE279E99 /* Pods_github_action_demoTests.framework */ = {isa = PBXFileReference; explicitFileType = wrapper.framework; includeInIndex = 0; path = Pods_github_action_demoTests.framework; sourceTree = BUILT_PRODUCTS_DIR; };
		97770D368989078F3B817EF8 /* Pods-github_action_demo-github_action_demoUITests.release.xcconfig */ = {isa = PBXFileReference; includeInIndex = 1; lastKnownFileType = text.xcconfig; name = "Pods-github_action_demo-github_action_demoUITests.release.xcconfig"; path = "Target Support Files/Pods-github_action_demo-github_action_demoUITests/Pods-github_action_demo-github_action_demoUITests.release.xcconfig"; sourceTree = "<group>"; };
		C3ABC753187770A2687A4D6C /* Pods-github_action_demo.release.xcconfig */ = {isa = PBXFileReference; includeInIndex = 1; lastKnownFileType = text.xcconfig; name = "Pods-github_action_demo.release.xcconfig"; path = "Target Support Files/Pods-github_action_demo/Pods-github_action_demo.release.xcconfig"; sourceTree = "<group>"; };
		C7E08C6DABF938285DFF6138 /* Pods-github_action_demoTests.debug.xcconfig */ = {isa = PBXFileReference; includeInIndex = 1; lastKnownFileType = text.xcconfig; name = "Pods-github_action_demoTests.debug.xcconfig"; path = "Target Support Files/Pods-github_action_demoTests/Pods-github_action_demoTests.debug.xcconfig"; sourceTree = "<group>"; };
		FBDD17CEB5477D46EBFE5754 /* Pods-github_action_demo-github_action_demoUITests.debug.xcconfig */ = {isa = PBXFileReference; includeInIndex = 1; lastKnownFileType = text.xcconfig; name = "Pods-github_action_demo-github_action_demoUITests.debug.xcconfig"; path = "Target Support Files/Pods-github_action_demo-github_action_demoUITests/Pods-github_action_demo-github_action_demoUITests.debug.xcconfig"; sourceTree = "<group>"; };
/* End PBXFileReference section */

/* Begin PBXFrameworksBuildPhase section */
		5CEAC18B2A28E22600E3A2DA /* Frameworks */ = {
			isa = PBXFrameworksBuildPhase;
			buildActionMask = 2147483647;
			files = (
				0DDD40BB817AA849336C5320 /* Pods_github_action_demo.framework in Frameworks */,
			);
			runOnlyForDeploymentPostprocessing = 0;
		};
		5CEAC1A12A28E22700E3A2DA /* Frameworks */ = {
			isa = PBXFrameworksBuildPhase;
			buildActionMask = 2147483647;
			files = (
				124F3D7C73D51087483570CD /* Pods_github_action_demoTests.framework in Frameworks */,
			);
			runOnlyForDeploymentPostprocessing = 0;
		};
		5CEAC1AB2A28E22700E3A2DA /* Frameworks */ = {
			isa = PBXFrameworksBuildPhase;
			buildActionMask = 2147483647;
			files = (
				354C648DBD9EE71CAB10EEC8 /* Pods_github_action_demo_github_action_demoUITests.framework in Frameworks */,
			);
			runOnlyForDeploymentPostprocessing = 0;
		};
/* End PBXFrameworksBuildPhase section */

/* Begin PBXGroup section */
		5149060CEA802DE14973828B /* Pods */ = {
			isa = PBXGroup;
			children = (
				2CBBF9D4234D973DDE65FEAA /* Pods-github_action_demo.debug.xcconfig */,
				C3ABC753187770A2687A4D6C /* Pods-github_action_demo.release.xcconfig */,
				FBDD17CEB5477D46EBFE5754 /* Pods-github_action_demo-github_action_demoUITests.debug.xcconfig */,
				97770D368989078F3B817EF8 /* Pods-github_action_demo-github_action_demoUITests.release.xcconfig */,
				C7E08C6DABF938285DFF6138 /* Pods-github_action_demoTests.debug.xcconfig */,
				67024CE2DB2C631AE13CAE91 /* Pods-github_action_demoTests.release.xcconfig */,
			);
			name = Pods;
			path = Pods;
			sourceTree = "<group>";
		};
		5CEAC1852A28E22600E3A2DA = {
			isa = PBXGroup;
			children = (
				5CEAC1902A28E22600E3A2DA /* github_action_demo */,
				5CEAC1A72A28E22700E3A2DA /* github_action_demoTests */,
				5CEAC1B12A28E22700E3A2DA /* github_action_demoUITests */,
				5CEAC18F2A28E22600E3A2DA /* Products */,
				5149060CEA802DE14973828B /* Pods */,
				D703E883D769837ECA5B92EF /* Frameworks */,
			);
			sourceTree = "<group>";
		};
		5CEAC18F2A28E22600E3A2DA /* Products */ = {
			isa = PBXGroup;
			children = (
				5CEAC18E2A28E22600E3A2DA /* github_action_demo.app */,
				5CEAC1A42A28E22700E3A2DA /* github_action_demoTests.xctest */,
				5CEAC1AE2A28E22700E3A2DA /* github_action_demoUITests.xctest */,
			);
			name = Products;
			sourceTree = "<group>";
		};
		5CEAC1902A28E22600E3A2DA /* github_action_demo */ = {
			isa = PBXGroup;
			children = (
				5CEAC1912A28E22600E3A2DA /* AppDelegate.swift */,
				5CEAC1932A28E22600E3A2DA /* SceneDelegate.swift */,
				5CEAC1952A28E22600E3A2DA /* ViewController.swift */,
				5CEAC1972A28E22600E3A2DA /* Main.storyboard */,
				5CEAC19A2A28E22700E3A2DA /* Assets.xcassets */,
				5CEAC19C2A28E22700E3A2DA /* LaunchScreen.storyboard */,
				5CEAC19F2A28E22700E3A2DA /* Info.plist */,
				5CEAC1C12A28E23B00E3A2DA /* HomeViewModel.swift */,
			);
			path = github_action_demo;
			sourceTree = "<group>";
		};
		5CEAC1A72A28E22700E3A2DA /* github_action_demoTests */ = {
			isa = PBXGroup;
			children = (
				5CEAC1A82A28E22700E3A2DA /* github_action_demoTests.swift */,
			);
			path = github_action_demoTests;
			sourceTree = "<group>";
		};
		5CEAC1B12A28E22700E3A2DA /* github_action_demoUITests */ = {
			isa = PBXGroup;
			children = (
				5CEAC1B22A28E22700E3A2DA /* github_action_demoUITests.swift */,
				5CEAC1B42A28E22700E3A2DA /* github_action_demoUITestsLaunchTests.swift */,
			);
			path = github_action_demoUITests;
			sourceTree = "<group>";
		};
		D703E883D769837ECA5B92EF /* Frameworks */ = {
			isa = PBXGroup;
			children = (
				643C99DCA720771F8AB214CA /* Pods_github_action_demo.framework */,
				3A31EE948458E6A47DF5EFCE /* Pods_github_action_demo_github_action_demoUITests.framework */,
				91F4F759E0928555CE279E99 /* Pods_github_action_demoTests.framework */,
			);
			name = Frameworks;
			sourceTree = "<group>";
		};
/* End PBXGroup section */

/* Begin PBXNativeTarget section */
		5CEAC18D2A28E22600E3A2DA /* github_action_demo */ = {
			isa = PBXNativeTarget;
			buildConfigurationList = 5CEAC1B82A28E22700E3A2DA /* Build configuration list for PBXNativeTarget "github_action_demo" */;
			buildPhases = (
				E25D9311EDBCC2E62E8921CE /* [CP] Check Pods Manifest.lock */,
				5CEAC18A2A28E22600E3A2DA /* Sources */,
				5CEAC18B2A28E22600E3A2DA /* Frameworks */,
				5CEAC18C2A28E22600E3A2DA /* Resources */,
			);
			buildRules = (
			);
			dependencies = (
			);
			name = github_action_demo;
			productName = github_action_demo;
			productReference = 5CEAC18E2A28E22600E3A2DA /* github_action_demo.app */;
			productType = "com.apple.product-type.application";
		};
		5CEAC1A32A28E22700E3A2DA /* github_action_demoTests */ = {
			isa = PBXNativeTarget;
			buildConfigurationList = 5CEAC1BB2A28E22700E3A2DA /* Build configuration list for PBXNativeTarget "github_action_demoTests" */;
			buildPhases = (
				3D332604056458B49A34F116 /* [CP] Check Pods Manifest.lock */,
				5CEAC1A02A28E22700E3A2DA /* Sources */,
				5CEAC1A12A28E22700E3A2DA /* Frameworks */,
				5CEAC1A22A28E22700E3A2DA /* Resources */,
			);
			buildRules = (
			);
			dependencies = (
				5CEAC1A62A28E22700E3A2DA /* PBXTargetDependency */,
			);
			name = github_action_demoTests;
			productName = github_action_demoTests;
			productReference = 5CEAC1A42A28E22700E3A2DA /* github_action_demoTests.xctest */;
			productType = "com.apple.product-type.bundle.unit-test";
		};
		5CEAC1AD2A28E22700E3A2DA /* github_action_demoUITests */ = {
			isa = PBXNativeTarget;
			buildConfigurationList = 5CEAC1BE2A28E22700E3A2DA /* Build configuration list for PBXNativeTarget "github_action_demoUITests" */;
			buildPhases = (
				7EE49EECE658467EFD6C842F /* [CP] Check Pods Manifest.lock */,
				5CEAC1AA2A28E22700E3A2DA /* Sources */,
				5CEAC1AB2A28E22700E3A2DA /* Frameworks */,
				5CEAC1AC2A28E22700E3A2DA /* Resources */,
			);
			buildRules = (
			);
			dependencies = (
				5CEAC1B02A28E22700E3A2DA /* PBXTargetDependency */,
			);
			name = github_action_demoUITests;
			productName = github_action_demoUITests;
			productReference = 5CEAC1AE2A28E22700E3A2DA /* github_action_demoUITests.xctest */;
			productType = "com.apple.product-type.bundle.ui-testing";
		};
/* End PBXNativeTarget section */

/* Begin PBXProject section */
		5CEAC1862A28E22600E3A2DA /* Project object */ = {
			isa = PBXProject;
			attributes = {
				BuildIndependentTargetsInParallel = 1;
				LastSwiftUpdateCheck = 1410;
				LastUpgradeCheck = 1410;
				TargetAttributes = {
					5CEAC18D2A28E22600E3A2DA = {
						CreatedOnToolsVersion = 14.1;
					};
					5CEAC1A32A28E22700E3A2DA = {
						CreatedOnToolsVersion = 14.1;
						TestTargetID = 5CEAC18D2A28E22600E3A2DA;
					};
					5CEAC1AD2A28E22700E3A2DA = {
						CreatedOnToolsVersion = 14.1;
						TestTargetID = 5CEAC18D2A28E22600E3A2DA;
					};
				};
			};
			buildConfigurationList = 5CEAC1892A28E22600E3A2DA /* Build configuration list for PBXProject "github_action_demo" */;
			compatibilityVersion = "Xcode 14.0";
			developmentRegion = en;
			hasScannedForEncodings = 0;
			knownRegions = (
				en,
				Base,
			);
			mainGroup = 5CEAC1852A28E22600E3A2DA;
			productRefGroup = 5CEAC18F2A28E22600E3A2DA /* Products */;
			projectDirPath = "";
			projectRoot = "";
			targets = (
				5CEAC18D2A28E22600E3A2DA /* github_action_demo */,
				5CEAC1A32A28E22700E3A2DA /* github_action_demoTests */,
				5CEAC1AD2A28E22700E3A2DA /* github_action_demoUITests */,
			);
		};
/* End PBXProject section */

/* Begin PBXResourcesBuildPhase section */
		5CEAC18C2A28E22600E3A2DA /* Resources */ = {
			isa = PBXResourcesBuildPhase;
			buildActionMask = 2147483647;
			files = (
				5CEAC19E2A28E22700E3A2DA /* LaunchScreen.storyboard in Resources */,
				5CEAC19B2A28E22700E3A2DA /* Assets.xcassets in Resources */,
				5CEAC1992A28E22600E3A2DA /* Main.storyboard in Resources */,
			);
			runOnlyForDeploymentPostprocessing = 0;
		};
		5CEAC1A22A28E22700E3A2DA /* Resources */ = {
			isa = PBXResourcesBuildPhase;
			buildActionMask = 2147483647;
			files = (
			);
			runOnlyForDeploymentPostprocessing = 0;
		};
		5CEAC1AC2A28E22700E3A2DA /* Resources */ = {
			isa = PBXResourcesBuildPhase;
			buildActionMask = 2147483647;
			files = (
			);
			runOnlyForDeploymentPostprocessing = 0;
		};
/* End PBXResourcesBuildPhase section */

/* Begin PBXShellScriptBuildPhase section */
		3D332604056458B49A34F116 /* [CP] Check Pods Manifest.lock */ = {
			isa = PBXShellScriptBuildPhase;
			buildActionMask = 2147483647;
			files = (
			);
			inputFileListPaths = (
			);
			inputPaths = (
				"${PODS_PODFILE_DIR_PATH}/Podfile.lock",
				"${PODS_ROOT}/Manifest.lock",
			);
			name = "[CP] Check Pods Manifest.lock";
			outputFileListPaths = (
			);
			outputPaths = (
				"$(DERIVED_FILE_DIR)/Pods-github_action_demoTests-checkManifestLockResult.txt",
			);
			runOnlyForDeploymentPostprocessing = 0;
			shellPath = /bin/sh;
			shellScript = "diff \"${PODS_PODFILE_DIR_PATH}/Podfile.lock\" \"${PODS_ROOT}/Manifest.lock\" > /dev/null\nif [ $? != 0 ] ; then\n    # print error to STDERR\n    echo \"error: The sandbox is not in sync with the Podfile.lock. Run 'pod install' or update your CocoaPods installation.\" >&2\n    exit 1\nfi\n# This output is used by Xcode 'outputs' to avoid re-running this script phase.\necho \"SUCCESS\" > \"${SCRIPT_OUTPUT_FILE_0}\"\n";
			showEnvVarsInLog = 0;
		};
		7EE49EECE658467EFD6C842F /* [CP] Check Pods Manifest.lock */ = {
			isa = PBXShellScriptBuildPhase;
			buildActionMask = 2147483647;
			files = (
			);
			inputFileListPaths = (
			);
			inputPaths = (
				"${PODS_PODFILE_DIR_PATH}/Podfile.lock",
				"${PODS_ROOT}/Manifest.lock",
			);
			name = "[CP] Check Pods Manifest.lock";
			outputFileListPaths = (
			);
			outputPaths = (
				"$(DERIVED_FILE_DIR)/Pods-github_action_demo-github_action_demoUITests-checkManifestLockResult.txt",
			);
			runOnlyForDeploymentPostprocessing = 0;
			shellPath = /bin/sh;
			shellScript = "diff \"${PODS_PODFILE_DIR_PATH}/Podfile.lock\" \"${PODS_ROOT}/Manifest.lock\" > /dev/null\nif [ $? != 0 ] ; then\n    # print error to STDERR\n    echo \"error: The sandbox is not in sync with the Podfile.lock. Run 'pod install' or update your CocoaPods installation.\" >&2\n    exit 1\nfi\n# This output is used by Xcode 'outputs' to avoid re-running this script phase.\necho \"SUCCESS\" > \"${SCRIPT_OUTPUT_FILE_0}\"\n";
			showEnvVarsInLog = 0;
		};
		E25D9311EDBCC2E62E8921CE /* [CP] Check Pods Manifest.lock */ = {
			isa = PBXShellScriptBuildPhase;
			buildActionMask = 2147483647;
			files = (
			);
			inputFileListPaths = (
			);
			inputPaths = (
				"${PODS_PODFILE_DIR_PATH}/Podfile.lock",
				"${PODS_ROOT}/Manifest.lock",
			);
			name = "[CP] Check Pods Manifest.lock";
			outputFileListPaths = (
			);
			outputPaths = (
				"$(DERIVED_FILE_DIR)/Pods-github_action_demo-checkManifestLockResult.txt",
			);
			runOnlyForDeploymentPostprocessing = 0;
			shellPath = /bin/sh;
			shellScript = "diff \"${PODS_PODFILE_DIR_PATH}/Podfile.lock\" \"${PODS_ROOT}/Manifest.lock\" > /dev/null\nif [ $? != 0 ] ; then\n    # print error to STDERR\n    echo \"error: The sandbox is not in sync with the Podfile.lock. Run 'pod install' or update your CocoaPods installation.\" >&2\n    exit 1\nfi\n# This output is used by Xcode 'outputs' to avoid re-running this script phase.\necho \"SUCCESS\" > \"${SCRIPT_OUTPUT_FILE_0}\"\n";
			showEnvVarsInLog = 0;
		};
/* End PBXShellScriptBuildPhase section */

/* Begin PBXSourcesBuildPhase section */
		5CEAC18A2A28E22600E3A2DA /* Sources */ = {
			isa = PBXSourcesBuildPhase;
			buildActionMask = 2147483647;
			files = (
				5CEAC1962A28E22600E3A2DA /* ViewController.swift in Sources */,
				5CEAC1922A28E22600E3A2DA /* AppDelegate.swift in Sources */,
				5CEAC1C22A28E23B00E3A2DA /* HomeViewModel.swift in Sources */,
				5CEAC1942A28E22600E3A2DA /* SceneDelegate.swift in Sources */,
			);
			runOnlyForDeploymentPostprocessing = 0;
		};
		5CEAC1A02A28E22700E3A2DA /* Sources */ = {
			isa = PBXSourcesBuildPhase;
			buildActionMask = 2147483647;
			files = (
				5CEAC1A92A28E22700E3A2DA /* github_action_demoTests.swift in Sources */,
			);
			runOnlyForDeploymentPostprocessing = 0;
		};
		5CEAC1AA2A28E22700E3A2DA /* Sources */ = {
			isa = PBXSourcesBuildPhase;
			buildActionMask = 2147483647;
			files = (
				5CEAC1B52A28E22700E3A2DA /* github_action_demoUITestsLaunchTests.swift in Sources */,
				5CEAC1B32A28E22700E3A2DA /* github_action_demoUITests.swift in Sources */,
			);
			runOnlyForDeploymentPostprocessing = 0;
		};
/* End PBXSourcesBuildPhase section */

/* Begin PBXTargetDependency section */
		5CEAC1A62A28E22700E3A2DA /* PBXTargetDependency */ = {
			isa = PBXTargetDependency;
			target = 5CEAC18D2A28E22600E3A2DA /* github_action_demo */;
			targetProxy = 5CEAC1A52A28E22700E3A2DA /* PBXContainerItemProxy */;
		};
		5CEAC1B02A28E22700E3A2DA /* PBXTargetDependency */ = {
			isa = PBXTargetDependency;
			target = 5CEAC18D2A28E22600E3A2DA /* github_action_demo */;
			targetProxy = 5CEAC1AF2A28E22700E3A2DA /* PBXContainerItemProxy */;
		};
/* End PBXTargetDependency section */

/* Begin PBXVariantGroup section */
		5CEAC1972A28E22600E3A2DA /* Main.storyboard */ = {
			isa = PBXVariantGroup;
			children = (
				5CEAC1982A28E22600E3A2DA /* Base */,
			);
			name = Main.storyboard;
			sourceTree = "<group>";
		};
		5CEAC19C2A28E22700E3A2DA /* LaunchScreen.storyboard */ = {
			isa = PBXVariantGroup;
			children = (
				5CEAC19D2A28E22700E3A2DA /* Base */,
			);
			name = LaunchScreen.storyboard;
			sourceTree = "<group>";
		};
/* End PBXVariantGroup section */

/* Begin XCBuildConfiguration section */
		5CEAC1B62A28E22700E3A2DA /* Debug */ = {
			isa = XCBuildConfiguration;
			buildSettings = {
				ALWAYS_SEARCH_USER_PATHS = NO;
				CLANG_ANALYZER_NONNULL = YES;
				CLANG_ANALYZER_NUMBER_OBJECT_CONVERSION = YES_AGGRESSIVE;
				CLANG_CXX_LANGUAGE_STANDARD = "gnu++20";
				CLANG_ENABLE_MODULES = YES;
				CLANG_ENABLE_OBJC_ARC = YES;
				CLANG_ENABLE_OBJC_WEAK = YES;
				CLANG_WARN_BLOCK_CAPTURE_AUTORELEASING = YES;
				CLANG_WARN_BOOL_CONVERSION = YES;
				CLANG_WARN_COMMA = YES;
				CLANG_WARN_CONSTANT_CONVERSION = YES;
				CLANG_WARN_DEPRECATED_OBJC_IMPLEMENTATIONS = YES;
				CLANG_WARN_DIRECT_OBJC_ISA_USAGE = YES_ERROR;
				CLANG_WARN_DOCUMENTATION_COMMENTS = YES;
				CLANG_WARN_EMPTY_BODY = YES;
				CLANG_WARN_ENUM_CONVERSION = YES;
				CLANG_WARN_INFINITE_RECURSION = YES;
				CLANG_WARN_INT_CONVERSION = YES;
				CLANG_WARN_NON_LITERAL_NULL_CONVERSION = YES;
				CLANG_WARN_OBJC_IMPLICIT_RETAIN_SELF = YES;
				CLANG_WARN_OBJC_LITERAL_CONVERSION = YES;
				CLANG_WARN_OBJC_ROOT_CLASS = YES_ERROR;
				CLANG_WARN_QUOTED_INCLUDE_IN_FRAMEWORK_HEADER = YES;
				CLANG_WARN_RANGE_LOOP_ANALYSIS = YES;
				CLANG_WARN_STRICT_PROTOTYPES = YES;
				CLANG_WARN_SUSPICIOUS_MOVE = YES;
				CLANG_WARN_UNGUARDED_AVAILABILITY = YES_AGGRESSIVE;
				CLANG_WARN_UNREACHABLE_CODE = YES;
				CLANG_WARN__DUPLICATE_METHOD_MATCH = YES;
				COPY_PHASE_STRIP = NO;
				DEBUG_INFORMATION_FORMAT = dwarf;
				ENABLE_STRICT_OBJC_MSGSEND = YES;
				ENABLE_TESTABILITY = YES;
				GCC_C_LANGUAGE_STANDARD = gnu11;
				GCC_DYNAMIC_NO_PIC = NO;
				GCC_NO_COMMON_BLOCKS = YES;
				GCC_OPTIMIZATION_LEVEL = 0;
				GCC_PREPROCESSOR_DEFINITIONS = (
					"DEBUG=1",
					"$(inherited)",
				);
				GCC_WARN_64_TO_32_BIT_CONVERSION = YES;
				GCC_WARN_ABOUT_RETURN_TYPE = YES_ERROR;
				GCC_WARN_UNDECLARED_SELECTOR = YES;
				GCC_WARN_UNINITIALIZED_AUTOS = YES_AGGRESSIVE;
				GCC_WARN_UNUSED_FUNCTION = YES;
				GCC_WARN_UNUSED_VARIABLE = YES;
				IPHONEOS_DEPLOYMENT_TARGET = 16.1;
				MTL_ENABLE_DEBUG_INFO = INCLUDE_SOURCE;
				MTL_FAST_MATH = YES;
				ONLY_ACTIVE_ARCH = YES;
				SDKROOT = iphoneos;
				SWIFT_ACTIVE_COMPILATION_CONDITIONS = DEBUG;
				SWIFT_OPTIMIZATION_LEVEL = "-Onone";
			};
			name = Debug;
		};
		5CEAC1B72A28E22700E3A2DA /* Release */ = {
			isa = XCBuildConfiguration;
			buildSettings = {
				ALWAYS_SEARCH_USER_PATHS = NO;
				CLANG_ANALYZER_NONNULL = YES;
				CLANG_ANALYZER_NUMBER_OBJECT_CONVERSION = YES_AGGRESSIVE;
				CLANG_CXX_LANGUAGE_STANDARD = "gnu++20";
				CLANG_ENABLE_MODULES = YES;
				CLANG_ENABLE_OBJC_ARC = YES;
				CLANG_ENABLE_OBJC_WEAK = YES;
				CLANG_WARN_BLOCK_CAPTURE_AUTORELEASING = YES;
				CLANG_WARN_BOOL_CONVERSION = YES;
				CLANG_WARN_COMMA = YES;
				CLANG_WARN_CONSTANT_CONVERSION = YES;
				CLANG_WARN_DEPRECATED_OBJC_IMPLEMENTATIONS = YES;
				CLANG_WARN_DIRECT_OBJC_ISA_USAGE = YES_ERROR;
				CLANG_WARN_DOCUMENTATION_COMMENTS = YES;
				CLANG_WARN_EMPTY_BODY = YES;
				CLANG_WARN_ENUM_CONVERSION = YES;
				CLANG_WARN_INFINITE_RECURSION = YES;
				CLANG_WARN_INT_CONVERSION = YES;
				CLANG_WARN_NON_LITERAL_NULL_CONVERSION = YES;
				CLANG_WARN_OBJC_IMPLICIT_RETAIN_SELF = YES;
				CLANG_WARN_OBJC_LITERAL_CONVERSION = YES;
				CLANG_WARN_OBJC_ROOT_CLASS = YES_ERROR;
				CLANG_WARN_QUOTED_INCLUDE_IN_FRAMEWORK_HEADER = YES;
				CLANG_WARN_RANGE_LOOP_ANALYSIS = YES;
				CLANG_WARN_STRICT_PROTOTYPES = YES;
				CLANG_WARN_SUSPICIOUS_MOVE = YES;
				CLANG_WARN_UNGUARDED_AVAILABILITY = YES_AGGRESSIVE;
				CLANG_WARN_UNREACHABLE_CODE = YES;
				CLANG_WARN__DUPLICATE_METHOD_MATCH = YES;
				COPY_PHASE_STRIP = NO;
				DEBUG_INFORMATION_FORMAT = "dwarf-with-dsym";
				ENABLE_NS_ASSERTIONS = NO;
				ENABLE_STRICT_OBJC_MSGSEND = YES;
				GCC_C_LANGUAGE_STANDARD = gnu11;
				GCC_NO_COMMON_BLOCKS = YES;
				GCC_WARN_64_TO_32_BIT_CONVERSION = YES;
				GCC_WARN_ABOUT_RETURN_TYPE = YES_ERROR;
				GCC_WARN_UNDECLARED_SELECTOR = YES;
				GCC_WARN_UNINITIALIZED_AUTOS = YES_AGGRESSIVE;
				GCC_WARN_UNUSED_FUNCTION = YES;
				GCC_WARN_UNUSED_VARIABLE = YES;
				IPHONEOS_DEPLOYMENT_TARGET = 16.1;
				MTL_ENABLE_DEBUG_INFO = NO;
				MTL_FAST_MATH = YES;
				SDKROOT = iphoneos;
				SWIFT_COMPILATION_MODE = wholemodule;
				SWIFT_OPTIMIZATION_LEVEL = "-O";
				VALIDATE_PRODUCT = YES;
			};
			name = Release;
		};
		5CEAC1B92A28E22700E3A2DA /* Debug */ = {
			isa = XCBuildConfiguration;
			baseConfigurationReference = 2CBBF9D4234D973DDE65FEAA /* Pods-github_action_demo.debug.xcconfig */;
			buildSettings = {
				ASSETCATALOG_COMPILER_APPICON_NAME = AppIcon;
				ASSETCATALOG_COMPILER_GLOBAL_ACCENT_COLOR_NAME = AccentColor;
				CODE_SIGN_STYLE = Automatic;
				CURRENT_PROJECT_VERSION = 1;
				DEVELOPMENT_TEAM = 7Q7R292YG8;
				GENERATE_INFOPLIST_FILE = YES;
				INFOPLIST_FILE = github_action_demo/Info.plist;
				INFOPLIST_KEY_UIApplicationSupportsIndirectInputEvents = YES;
				INFOPLIST_KEY_UILaunchStoryboardName = LaunchScreen;
				INFOPLIST_KEY_UIMainStoryboardFile = Main;
				INFOPLIST_KEY_UISupportedInterfaceOrientations_iPad = "UIInterfaceOrientationPortrait UIInterfaceOrientationPortraitUpsideDown UIInterfaceOrientationLandscapeLeft UIInterfaceOrientationLandscapeRight";
				INFOPLIST_KEY_UISupportedInterfaceOrientations_iPhone = "UIInterfaceOrientationPortrait UIInterfaceOrientationLandscapeLeft UIInterfaceOrientationLandscapeRight";
				LD_RUNPATH_SEARCH_PATHS = (
					"$(inherited)",
					"@executable_path/Frameworks",
				);
				MARKETING_VERSION = 1.0;
				PRODUCT_BUNDLE_IDENTIFIER = "com.cuong.test.app.github-action-demo";
				PRODUCT_NAME = "$(TARGET_NAME)";
				SWIFT_EMIT_LOC_STRINGS = YES;
				SWIFT_VERSION = 5.0;
				TARGETED_DEVICE_FAMILY = "1,2";
			};
			name = Debug;
		};
		5CEAC1BA2A28E22700E3A2DA /* Release */ = {
			isa = XCBuildConfiguration;
			baseConfigurationReference = C3ABC753187770A2687A4D6C /* Pods-github_action_demo.release.xcconfig */;
			buildSettings = {
				ASSETCATALOG_COMPILER_APPICON_NAME = AppIcon;
				ASSETCATALOG_COMPILER_GLOBAL_ACCENT_COLOR_NAME = AccentColor;
				CODE_SIGN_STYLE = Automatic;
				CURRENT_PROJECT_VERSION = 1;
				DEVELOPMENT_TEAM = 7Q7R292YG8;
				GENERATE_INFOPLIST_FILE = YES;
				INFOPLIST_FILE = github_action_demo/Info.plist;
				INFOPLIST_KEY_UIApplicationSupportsIndirectInputEvents = YES;
				INFOPLIST_KEY_UILaunchStoryboardName = LaunchScreen;
				INFOPLIST_KEY_UIMainStoryboardFile = Main;
				INFOPLIST_KEY_UISupportedInterfaceOrientations_iPad = "UIInterfaceOrientationPortrait UIInterfaceOrientationPortraitUpsideDown UIInterfaceOrientationLandscapeLeft UIInterfaceOrientationLandscapeRight";
				INFOPLIST_KEY_UISupportedInterfaceOrientations_iPhone = "UIInterfaceOrientationPortrait UIInterfaceOrientationLandscapeLeft UIInterfaceOrientationLandscapeRight";
				LD_RUNPATH_SEARCH_PATHS = (
					"$(inherited)",
					"@executable_path/Frameworks",
				);
				MARKETING_VERSION = 1.0;
				PRODUCT_BUNDLE_IDENTIFIER = "com.cuong.test.app.github-action-demo";
				PRODUCT_NAME = "$(TARGET_NAME)";
				SWIFT_EMIT_LOC_STRINGS = YES;
				SWIFT_VERSION = 5.0;
				TARGETED_DEVICE_FAMILY = "1,2";
			};
			name = Release;
		};
		5CEAC1BC2A28E22700E3A2DA /* Debug */ = {
			isa = XCBuildConfiguration;
			baseConfigurationReference = C7E08C6DABF938285DFF6138 /* Pods-github_action_demoTests.debug.xcconfig */;
			buildSettings = {
				ALWAYS_EMBED_SWIFT_STANDARD_LIBRARIES = YES;
				BUNDLE_LOADER = "$(TEST_HOST)";
				CODE_SIGN_STYLE = Automatic;
				CURRENT_PROJECT_VERSION = 1;
				DEVELOPMENT_TEAM = 7Q7R292YG8;
				GENERATE_INFOPLIST_FILE = YES;
				IPHONEOS_DEPLOYMENT_TARGET = 16.1;
				MARKETING_VERSION = 1.0;
				PRODUCT_BUNDLE_IDENTIFIER = "com.cuong.test.app.github-action-demoTests";
				PRODUCT_NAME = "$(TARGET_NAME)";
				SWIFT_EMIT_LOC_STRINGS = NO;
				SWIFT_VERSION = 5.0;
				TARGETED_DEVICE_FAMILY = "1,2";
				TEST_HOST = "$(BUILT_PRODUCTS_DIR)/github_action_demo.app/$(BUNDLE_EXECUTABLE_FOLDER_PATH)/github_action_demo";
			};
			name = Debug;
		};
		5CEAC1BD2A28E22700E3A2DA /* Release */ = {
			isa = XCBuildConfiguration;
			baseConfigurationReference = 67024CE2DB2C631AE13CAE91 /* Pods-github_action_demoTests.release.xcconfig */;
			buildSettings = {
				ALWAYS_EMBED_SWIFT_STANDARD_LIBRARIES = YES;
				BUNDLE_LOADER = "$(TEST_HOST)";
				CODE_SIGN_STYLE = Automatic;
				CURRENT_PROJECT_VERSION = 1;
				DEVELOPMENT_TEAM = 7Q7R292YG8;
				GENERATE_INFOPLIST_FILE = YES;
				IPHONEOS_DEPLOYMENT_TARGET = 16.1;
				MARKETING_VERSION = 1.0;
				PRODUCT_BUNDLE_IDENTIFIER = "com.cuong.test.app.github-action-demoTests";
				PRODUCT_NAME = "$(TARGET_NAME)";
				SWIFT_EMIT_LOC_STRINGS = NO;
				SWIFT_VERSION = 5.0;
				TARGETED_DEVICE_FAMILY = "1,2";
				TEST_HOST = "$(BUILT_PRODUCTS_DIR)/github_action_demo.app/$(BUNDLE_EXECUTABLE_FOLDER_PATH)/github_action_demo";
			};
			name = Release;
		};
		5CEAC1BF2A28E22700E3A2DA /* Debug */ = {
			isa = XCBuildConfiguration;
			baseConfigurationReference = FBDD17CEB5477D46EBFE5754 /* Pods-github_action_demo-github_action_demoUITests.debug.xcconfig */;
			buildSettings = {
				ALWAYS_EMBED_SWIFT_STANDARD_LIBRARIES = YES;
				CODE_SIGN_STYLE = Automatic;
				CURRENT_PROJECT_VERSION = 1;
				DEVELOPMENT_TEAM = 7Q7R292YG8;
				GENERATE_INFOPLIST_FILE = YES;
				MARKETING_VERSION = 1.0;
				PRODUCT_BUNDLE_IDENTIFIER = "com.cuong.test.app.github-action-demoUITests";
				PRODUCT_NAME = "$(TARGET_NAME)";
				SWIFT_EMIT_LOC_STRINGS = NO;
				SWIFT_VERSION = 5.0;
				TARGETED_DEVICE_FAMILY = "1,2";
				TEST_TARGET_NAME = github_action_demo;
			};
			name = Debug;
		};
		5CEAC1C02A28E22700E3A2DA /* Release */ = {
			isa = XCBuildConfiguration;
			baseConfigurationReference = 97770D368989078F3B817EF8 /* Pods-github_action_demo-github_action_demoUITests.release.xcconfig */;
			buildSettings = {
				ALWAYS_EMBED_SWIFT_STANDARD_LIBRARIES = YES;
				CODE_SIGN_STYLE = Automatic;
				CURRENT_PROJECT_VERSION = 1;
				DEVELOPMENT_TEAM = 7Q7R292YG8;
				GENERATE_INFOPLIST_FILE = YES;
				MARKETING_VERSION = 1.0;
				PRODUCT_BUNDLE_IDENTIFIER = "com.cuong.test.app.github-action-demoUITests";
				PRODUCT_NAME = "$(TARGET_NAME)";
				SWIFT_EMIT_LOC_STRINGS = NO;
				SWIFT_VERSION = 5.0;
				TARGETED_DEVICE_FAMILY = "1,2";
				TEST_TARGET_NAME = github_action_demo;
			};
			name = Release;
		};
/* End XCBuildConfiguration section */

/* Begin XCConfigurationList section */
		5CEAC1892A28E22600E3A2DA /* Build configuration list for PBXProject "github_action_demo" */ = {
			isa = XCConfigurationList;
			buildConfigurations = (
				5CEAC1B62A28E22700E3A2DA /* Debug */,
				5CEAC1B72A28E22700E3A2DA /* Release */,
			);
			defaultConfigurationIsVisible = 0;
			defaultConfigurationName = Release;
		};
		5CEAC1B82A28E22700E3A2DA /* Build configuration list for PBXNativeTarget "github_action_demo" */ = {
			isa = XCConfigurationList;
			buildConfigurations = (
				5CEAC1B92A28E22700E3A2DA /* Debug */,
				5CEAC1BA2A28E22700E3A2DA /* Release */,
			);
			defaultConfigurationIsVisible = 0;
			defaultConfigurationName = Release;
		};
		5CEAC1BB2A28E22700E3A2DA /* Build configuration list for PBXNativeTarget "github_action_demoTests" */ = {
			isa = XCConfigurationList;
			buildConfigurations = (
				5CEAC1BC2A28E22700E3A2DA /* Debug */,
				5CEAC1BD2A28E22700E3A2DA /* Release */,
			);
			defaultConfigurationIsVisible = 0;
			defaultConfigurationName = Release;
		};
		5CEAC1BE2A28E22700E3A2DA /* Build configuration list for PBXNativeTarget "github_action_demoUITests" */ = {
			isa = XCConfigurationList;
			buildConfigurations = (
				5CEAC1BF2A28E22700E3A2DA /* Debug */,
				5CEAC1C02A28E22700E3A2DA /* Release */,
			);
			defaultConfigurationIsVisible = 0;
			defaultConfigurationName = Release;
		};
/* End XCConfigurationList section */
	};
	rootObject = 5CEAC1862A28E22600E3A2DA /* Project object */;
}
